// !$*UTF8*$!
{
	archiveVersion = 1;
	classes = {
	};
	objectVersion = 56;
	objects = {

/* Begin PBXBuildFile section */
		79BB559729AE608B00DFF1B5 /* Header.swift in Sources */ = {isa = PBXBuildFile; fileRef = 79BB559629AE608B00DFF1B5 /* Header.swift */; };
		79BB559A29AE60EA00DFF1B5 /* Story.swift in Sources */ = {isa = PBXBuildFile; fileRef = 79BB559929AE60EA00DFF1B5 /* Story.swift */; };
		79BB559C29AE60F500DFF1B5 /* Stories.swift in Sources */ = {isa = PBXBuildFile; fileRef = 79BB559B29AE60F500DFF1B5 /* Stories.swift */; };
		79BB559E29AE611F00DFF1B5 /* Post.swift in Sources */ = {isa = PBXBuildFile; fileRef = 79BB559D29AE611F00DFF1B5 /* Post.swift */; };
		79BB55A029AE612900DFF1B5 /* PostHeader.swift in Sources */ = {isa = PBXBuildFile; fileRef = 79BB559F29AE612900DFF1B5 /* PostHeader.swift */; };
		79BB55A229AE613500DFF1B5 /* PostContent.swift in Sources */ = {isa = PBXBuildFile; fileRef = 79BB55A129AE613500DFF1B5 /* PostContent.swift */; };
		79BB55A429AE617B00DFF1B5 /* TabBar.swift in Sources */ = {isa = PBXBuildFile; fileRef = 79BB55A329AE617B00DFF1B5 /* TabBar.swift */; };
		79BB55A729AE61CB00DFF1B5 /* HomeView.swift in Sources */ = {isa = PBXBuildFile; fileRef = 79BB55A629AE61CB00DFF1B5 /* HomeView.swift */; };
		79BB55A929AE63E700DFF1B5 /* SearchView.swift in Sources */ = {isa = PBXBuildFile; fileRef = 79BB55A829AE63E700DFF1B5 /* SearchView.swift */; };
		79BB55AB29AE642B00DFF1B5 /* SearchInput.swift in Sources */ = {isa = PBXBuildFile; fileRef = 79BB55AA29AE642B00DFF1B5 /* SearchInput.swift */; };
		79BB55AD29AE6AA200DFF1B5 /* Label.swift in Sources */ = {isa = PBXBuildFile; fileRef = 79BB55AC29AE6AA200DFF1B5 /* Label.swift */; };
		79BB55AF29AE6B2800DFF1B5 /* Labels.swift in Sources */ = {isa = PBXBuildFile; fileRef = 79BB55AE29AE6B2800DFF1B5 /* Labels.swift */; };
		79BB55B129AE6C7D00DFF1B5 /* Grid.swift in Sources */ = {isa = PBXBuildFile; fileRef = 79BB55B029AE6C7D00DFF1B5 /* Grid.swift */; };
		79CC594329AD6BF6002EA98E /* InstagramCloneAppApp.swift in Sources */ = {isa = PBXBuildFile; fileRef = 79CC594229AD6BF6002EA98E /* InstagramCloneAppApp.swift */; };
		79CC594529AD6BF6002EA98E /* ContentView.swift in Sources */ = {isa = PBXBuildFile; fileRef = 79CC594429AD6BF6002EA98E /* ContentView.swift */; };
		79CC594729AD6BF7002EA98E /* Assets.xcassets in Resources */ = {isa = PBXBuildFile; fileRef = 79CC594629AD6BF7002EA98E /* Assets.xcassets */; };
		79CC594A29AD6BF7002EA98E /* Preview Assets.xcassets in Resources */ = {isa = PBXBuildFile; fileRef = 79CC594929AD6BF7002EA98E /* Preview Assets.xcassets */; };
/* End PBXBuildFile section */

/* Begin PBXFileReference section */
		79BB559629AE608B00DFF1B5 /* Header.swift */ = {isa = PBXFileReference; lastKnownFileType = sourcecode.swift; path = Header.swift; sourceTree = "<group>"; };
		79BB559929AE60EA00DFF1B5 /* Story.swift */ = {isa = PBXFileReference; lastKnownFileType = sourcecode.swift; path = Story.swift; sourceTree = "<group>"; };
		79BB559B29AE60F500DFF1B5 /* Stories.swift */ = {isa = PBXFileReference; lastKnownFileType = sourcecode.swift; path = Stories.swift; sourceTree = "<group>"; };
		79BB559D29AE611F00DFF1B5 /* Post.swift */ = {isa = PBXFileReference; lastKnownFileType = sourcecode.swift; path = Post.swift; sourceTree = "<group>"; };
		79BB559F29AE612900DFF1B5 /* PostHeader.swift */ = {isa = PBXFileReference; lastKnownFileType = sourcecode.swift; path = PostHeader.swift; sourceTree = "<group>"; };
		79BB55A129AE613500DFF1B5 /* PostContent.swift */ = {isa = PBXFileReference; lastKnownFileType = sourcecode.swift; path = PostContent.swift; sourceTree = "<group>"; };
		79BB55A329AE617B00DFF1B5 /* TabBar.swift */ = {isa = PBXFileReference; lastKnownFileType = sourcecode.swift; path = TabBar.swift; sourceTree = "<group>"; };
		79BB55A629AE61CB00DFF1B5 /* HomeView.swift */ = {isa = PBXFileReference; lastKnownFileType = sourcecode.swift; path = HomeView.swift; sourceTree = "<group>"; };
		79BB55A829AE63E700DFF1B5 /* SearchView.swift */ = {isa = PBXFileReference; lastKnownFileType = sourcecode.swift; path = SearchView.swift; sourceTree = "<group>"; };
		79BB55AA29AE642B00DFF1B5 /* SearchInput.swift */ = {isa = PBXFileReference; lastKnownFileType = sourcecode.swift; path = SearchInput.swift; sourceTree = "<group>"; };
		79BB55AC29AE6AA200DFF1B5 /* Label.swift */ = {isa = PBXFileReference; lastKnownFileType = sourcecode.swift; path = Label.swift; sourceTree = "<group>"; };
		79BB55AE29AE6B2800DFF1B5 /* Labels.swift */ = {isa = PBXFileReference; lastKnownFileType = sourcecode.swift; path = Labels.swift; sourceTree = "<group>"; };
		79BB55B029AE6C7D00DFF1B5 /* Grid.swift */ = {isa = PBXFileReference; lastKnownFileType = sourcecode.swift; path = Grid.swift; sourceTree = "<group>"; };
		79CC593F29AD6BF6002EA98E /* InstagramCloneApp.app */ = {isa = PBXFileReference; explicitFileType = wrapper.application; includeInIndex = 0; path = InstagramCloneApp.app; sourceTree = BUILT_PRODUCTS_DIR; };
		79CC594229AD6BF6002EA98E /* InstagramCloneAppApp.swift */ = {isa = PBXFileReference; lastKnownFileType = sourcecode.swift; path = InstagramCloneAppApp.swift; sourceTree = "<group>"; };
		79CC594429AD6BF6002EA98E /* ContentView.swift */ = {isa = PBXFileReference; lastKnownFileType = sourcecode.swift; path = ContentView.swift; sourceTree = "<group>"; };
		79CC594629AD6BF7002EA98E /* Assets.xcassets */ = {isa = PBXFileReference; lastKnownFileType = folder.assetcatalog; path = Assets.xcassets; sourceTree = "<group>"; };
		79CC594929AD6BF7002EA98E /* Preview Assets.xcassets */ = {isa = PBXFileReference; lastKnownFileType = folder.assetcatalog; path = "Preview Assets.xcassets"; sourceTree = "<group>"; };
/* End PBXFileReference section */

/* Begin PBXFrameworksBuildPhase section */
		79CC593C29AD6BF6002EA98E /* Frameworks */ = {
			isa = PBXFrameworksBuildPhase;
			buildActionMask = 2147483647;
			files = (
			);
			runOnlyForDeploymentPostprocessing = 0;
		};
/* End PBXFrameworksBuildPhase section */

/* Begin PBXGroup section */
		79BB559529AE607400DFF1B5 /* Components */ = {
			isa = PBXGroup;
			children = (
				79BB559629AE608B00DFF1B5 /* Header.swift */,
				79BB559929AE60EA00DFF1B5 /* Story.swift */,
				79BB559B29AE60F500DFF1B5 /* Stories.swift */,
				79BB559D29AE611F00DFF1B5 /* Post.swift */,
				79BB559F29AE612900DFF1B5 /* PostHeader.swift */,
				79BB55A129AE613500DFF1B5 /* PostContent.swift */,
				79BB55A329AE617B00DFF1B5 /* TabBar.swift */,
				79BB55AA29AE642B00DFF1B5 /* SearchInput.swift */,
				79BB55AC29AE6AA200DFF1B5 /* Label.swift */,
				79BB55AE29AE6B2800DFF1B5 /* Labels.swift */,
			);
			path = Components;
			sourceTree = "<group>";
		};
		79BB55A529AE61BA00DFF1B5 /* Views */ = {
			isa = PBXGroup;
			children = (
				79BB55A629AE61CB00DFF1B5 /* HomeView.swift */,
				79BB55A829AE63E700DFF1B5 /* SearchView.swift */,
				79BB55B029AE6C7D00DFF1B5 /* Grid.swift */,
			);
			path = Views;
			sourceTree = "<group>";
		};
		79CC593629AD6BF5002EA98E = {
			isa = PBXGroup;
			children = (
				79CC594129AD6BF6002EA98E /* InstagramCloneApp */,
				79CC594029AD6BF6002EA98E /* Products */,
			);
			sourceTree = "<group>";
		};
		79CC594029AD6BF6002EA98E /* Products */ = {
			isa = PBXGroup;
			children = (
				79CC593F29AD6BF6002EA98E /* InstagramCloneApp.app */,
			);
			name = Products;
			sourceTree = "<group>";
		};
		79CC594129AD6BF6002EA98E /* InstagramCloneApp */ = {
			isa = PBXGroup;
			children = (
				79BB55A529AE61BA00DFF1B5 /* Views */,
				79BB559529AE607400DFF1B5 /* Components */,
				79CC594229AD6BF6002EA98E /* InstagramCloneAppApp.swift */,
				79CC594429AD6BF6002EA98E /* ContentView.swift */,
				79CC594629AD6BF7002EA98E /* Assets.xcassets */,
				79CC594829AD6BF7002EA98E /* Preview Content */,
			);
			path = InstagramCloneApp;
			sourceTree = "<group>";
		};
		79CC594829AD6BF7002EA98E /* Preview Content */ = {
			isa = PBXGroup;
			children = (
				79CC594929AD6BF7002EA98E /* Preview Assets.xcassets */,
			);
			path = "Preview Content";
			sourceTree = "<group>";
		};
/* End PBXGroup section */

/* Begin PBXNativeTarget section */
		79CC593E29AD6BF6002EA98E /* InstagramCloneApp */ = {
			isa = PBXNativeTarget;
			buildConfigurationList = 79CC594D29AD6BF7002EA98E /* Build configuration list for PBXNativeTarget "InstagramCloneApp" */;
			buildPhases = (
				79CC593B29AD6BF6002EA98E /* Sources */,
				79CC593C29AD6BF6002EA98E /* Frameworks */,
				79CC593D29AD6BF6002EA98E /* Resources */,
			);
			buildRules = (
			);
			dependencies = (
			);
			name = InstagramCloneApp;
			productName = InstagramCloneApp;
			productReference = 79CC593F29AD6BF6002EA98E /* InstagramCloneApp.app */;
			productType = "com.apple.product-type.application";
		};
/* End PBXNativeTarget section */

/* Begin PBXProject section */
		79CC593729AD6BF5002EA98E /* Project object */ = {
			isa = PBXProject;
			attributes = {
				BuildIndependentTargetsInParallel = 1;
				LastSwiftUpdateCheck = 1420;
				LastUpgradeCheck = 1420;
				TargetAttributes = {
					79CC593E29AD6BF6002EA98E = {
						CreatedOnToolsVersion = 14.2;
					};
				};
			};
			buildConfigurationList = 79CC593A29AD6BF5002EA98E /* Build configuration list for PBXProject "InstagramCloneApp" */;
			compatibilityVersion = "Xcode 14.0";
			developmentRegion = en;
			hasScannedForEncodings = 0;
			knownRegions = (
				en,
				Base,
			);
			mainGroup = 79CC593629AD6BF5002EA98E;
			productRefGroup = 79CC594029AD6BF6002EA98E /* Products */;
			projectDirPath = "";
			projectRoot = "";
			targets = (
				79CC593E29AD6BF6002EA98E /* InstagramCloneApp */,
			);
		};
/* End PBXProject section */

/* Begin PBXResourcesBuildPhase section */
		79CC593D29AD6BF6002EA98E /* Resources */ = {
			isa = PBXResourcesBuildPhase;
			buildActionMask = 2147483647;
			files = (
				79CC594A29AD6BF7002EA98E /* Preview Assets.xcassets in Resources */,
				79CC594729AD6BF7002EA98E /* Assets.xcassets in Resources */,
			);
			runOnlyForDeploymentPostprocessing = 0;
		};
/* End PBXResourcesBuildPhase section */

/* Begin PBXSourcesBuildPhase section */
		79CC593B29AD6BF6002EA98E /* Sources */ = {
			isa = PBXSourcesBuildPhase;
			buildActionMask = 2147483647;
			files = (
				79BB55A429AE617B00DFF1B5 /* TabBar.swift in Sources */,
				79CC594529AD6BF6002EA98E /* ContentView.swift in Sources */,
				79BB55AB29AE642B00DFF1B5 /* SearchInput.swift in Sources */,
				79BB559729AE608B00DFF1B5 /* Header.swift in Sources */,
				79BB55A729AE61CB00DFF1B5 /* HomeView.swift in Sources */,
				79BB55AD29AE6AA200DFF1B5 /* Label.swift in Sources */,
				79CC594329AD6BF6002EA98E /* InstagramCloneAppApp.swift in Sources */,
				79BB559E29AE611F00DFF1B5 /* Post.swift in Sources */,
				79BB55B129AE6C7D00DFF1B5 /* Grid.swift in Sources */,
				79BB559C29AE60F500DFF1B5 /* Stories.swift in Sources */,
				79BB55A229AE613500DFF1B5 /* PostContent.swift in Sources */,
				79BB55AF29AE6B2800DFF1B5 /* Labels.swift in Sources */,
				79BB55A029AE612900DFF1B5 /* PostHeader.swift in Sources */,
				79BB559A29AE60EA00DFF1B5 /* Story.swift in Sources */,
				79BB55A929AE63E700DFF1B5 /* SearchView.swift in Sources */,
			);
			runOnlyForDeploymentPostprocessing = 0;
		};
/* End PBXSourcesBuildPhase section */

/* Begin XCBuildConfiguration section */
		79CC594B29AD6BF7002EA98E /* Debug */ = {
			isa = XCBuildConfiguration;
			buildSettings = {
				ALWAYS_SEARCH_USER_PATHS = NO;
				CLANG_ANALYZER_NONNULL = YES;
				CLANG_ANALYZER_NUMBER_OBJECT_CONVERSION = YES_AGGRESSIVE;
				CLANG_CXX_LANGUAGE_STANDARD = "gnu++20";
				CLANG_ENABLE_MODULES = YES;
				CLANG_ENABLE_OBJC_ARC = YES;
				CLANG_ENABLE_OBJC_WEAK = YES;
				CLANG_WARN_BLOCK_CAPTURE_AUTORELEASING = YES;
				CLANG_WARN_BOOL_CONVERSION = YES;
				CLANG_WARN_COMMA = YES;
				CLANG_WARN_CONSTANT_CONVERSION = YES;
				CLANG_WARN_DEPRECATED_OBJC_IMPLEMENTATIONS = YES;
				CLANG_WARN_DIRECT_OBJC_ISA_USAGE = YES_ERROR;
				CLANG_WARN_DOCUMENTATION_COMMENTS = YES;
				CLANG_WARN_EMPTY_BODY = YES;
				CLANG_WARN_ENUM_CONVERSION = YES;
				CLANG_WARN_INFINITE_RECURSION = YES;
				CLANG_WARN_INT_CONVERSION = YES;
				CLANG_WARN_NON_LITERAL_NULL_CONVERSION = YES;
				CLANG_WARN_OBJC_IMPLICIT_RETAIN_SELF = YES;
				CLANG_WARN_OBJC_LITERAL_CONVERSION = YES;
				CLANG_WARN_OBJC_ROOT_CLASS = YES_ERROR;
				CLANG_WARN_QUOTED_INCLUDE_IN_FRAMEWORK_HEADER = YES;
				CLANG_WARN_RANGE_LOOP_ANALYSIS = YES;
				CLANG_WARN_STRICT_PROTOTYPES = YES;
				CLANG_WARN_SUSPICIOUS_MOVE = YES;
				CLANG_WARN_UNGUARDED_AVAILABILITY = YES_AGGRESSIVE;
				CLANG_WARN_UNREACHABLE_CODE = YES;
				CLANG_WARN__DUPLICATE_METHOD_MATCH = YES;
				COPY_PHASE_STRIP = NO;
				DEBUG_INFORMATION_FORMAT = dwarf;
				ENABLE_STRICT_OBJC_MSGSEND = YES;
				ENABLE_TESTABILITY = YES;
				GCC_C_LANGUAGE_STANDARD = gnu11;
				GCC_DYNAMIC_NO_PIC = NO;
				GCC_NO_COMMON_BLOCKS = YES;
				GCC_OPTIMIZATION_LEVEL = 0;
				GCC_PREPROCESSOR_DEFINITIONS = (
					"DEBUG=1",
					"$(inherited)",
				);
				GCC_WARN_64_TO_32_BIT_CONVERSION = YES;
				GCC_WARN_ABOUT_RETURN_TYPE = YES_ERROR;
				GCC_WARN_UNDECLARED_SELECTOR = YES;
				GCC_WARN_UNINITIALIZED_AUTOS = YES_AGGRESSIVE;
				GCC_WARN_UNUSED_FUNCTION = YES;
				GCC_WARN_UNUSED_VARIABLE = YES;
				IPHONEOS_DEPLOYMENT_TARGET = 16.2;
				MTL_ENABLE_DEBUG_INFO = INCLUDE_SOURCE;
				MTL_FAST_MATH = YES;
				ONLY_ACTIVE_ARCH = YES;
				SDKROOT = iphoneos;
				SWIFT_ACTIVE_COMPILATION_CONDITIONS = DEBUG;
				SWIFT_OPTIMIZATION_LEVEL = "-Onone";
			};
			name = Debug;
		};
		79CC594C29AD6BF7002EA98E /* Release */ = {
			isa = XCBuildConfiguration;
			buildSettings = {
				ALWAYS_SEARCH_USER_PATHS = NO;
				CLANG_ANALYZER_NONNULL = YES;
				CLANG_ANALYZER_NUMBER_OBJECT_CONVERSION = YES_AGGRESSIVE;
				CLANG_CXX_LANGUAGE_STANDARD = "gnu++20";
				CLANG_ENABLE_MODULES = YES;
				CLANG_ENABLE_OBJC_ARC = YES;
				CLANG_ENABLE_OBJC_WEAK = YES;
				CLANG_WARN_BLOCK_CAPTURE_AUTORELEASING = YES;
				CLANG_WARN_BOOL_CONVERSION = YES;
				CLANG_WARN_COMMA = YES;
				CLANG_WARN_CONSTANT_CONVERSION = YES;
				CLANG_WARN_DEPRECATED_OBJC_IMPLEMENTATIONS = YES;
				CLANG_WARN_DIRECT_OBJC_ISA_USAGE = YES_ERROR;
				CLANG_WARN_DOCUMENTATION_COMMENTS = YES;
				CLANG_WARN_EMPTY_BODY = YES;
				CLANG_WARN_ENUM_CONVERSION = YES;
				CLANG_WARN_INFINITE_RECURSION = YES;
				CLANG_WARN_INT_CONVERSION = YES;
				CLANG_WARN_NON_LITERAL_NULL_CONVERSION = YES;
				CLANG_WARN_OBJC_IMPLICIT_RETAIN_SELF = YES;
				CLANG_WARN_OBJC_LITERAL_CONVERSION = YES;
				CLANG_WARN_OBJC_ROOT_CLASS = YES_ERROR;
				CLANG_WARN_QUOTED_INCLUDE_IN_FRAMEWORK_HEADER = YES;
				CLANG_WARN_RANGE_LOOP_ANALYSIS = YES;
				CLANG_WARN_STRICT_PROTOTYPES = YES;
				CLANG_WARN_SUSPICIOUS_MOVE = YES;
				CLANG_WARN_UNGUARDED_AVAILABILITY = YES_AGGRESSIVE;
				CLANG_WARN_UNREACHABLE_CODE = YES;
				CLANG_WARN__DUPLICATE_METHOD_MATCH = YES;
				COPY_PHASE_STRIP = NO;
				DEBUG_INFORMATION_FORMAT = "dwarf-with-dsym";
				ENABLE_NS_ASSERTIONS = NO;
				ENABLE_STRICT_OBJC_MSGSEND = YES;
				GCC_C_LANGUAGE_STANDARD = gnu11;
				GCC_NO_COMMON_BLOCKS = YES;
				GCC_WARN_64_TO_32_BIT_CONVERSION = YES;
				GCC_WARN_ABOUT_RETURN_TYPE = YES_ERROR;
				GCC_WARN_UNDECLARED_SELECTOR = YES;
				GCC_WARN_UNINITIALIZED_AUTOS = YES_AGGRESSIVE;
				GCC_WARN_UNUSED_FUNCTION = YES;
				GCC_WARN_UNUSED_VARIABLE = YES;
				IPHONEOS_DEPLOYMENT_TARGET = 16.2;
				MTL_ENABLE_DEBUG_INFO = NO;
				MTL_FAST_MATH = YES;
				SDKROOT = iphoneos;
				SWIFT_COMPILATION_MODE = wholemodule;
				SWIFT_OPTIMIZATION_LEVEL = "-O";
				VALIDATE_PRODUCT = YES;
			};
			name = Release;
		};
		79CC594E29AD6BF7002EA98E /* Debug */ = {
			isa = XCBuildConfiguration;
			buildSettings = {
				ASSETCATALOG_COMPILER_APPICON_NAME = AppIcon;
				ASSETCATALOG_COMPILER_GLOBAL_ACCENT_COLOR_NAME = AccentColor;
				CODE_SIGN_STYLE = Automatic;
				CURRENT_PROJECT_VERSION = 1;
				DEVELOPMENT_ASSET_PATHS = "\"InstagramCloneApp/Preview Content\"";
				DEVELOPMENT_TEAM = 52G4MQR5UN;
				ENABLE_PREVIEWS = YES;
				GENERATE_INFOPLIST_FILE = YES;
				INFOPLIST_KEY_UIApplicationSceneManifest_Generation = YES;
				INFOPLIST_KEY_UIApplicationSupportsIndirectInputEvents = YES;
				INFOPLIST_KEY_UILaunchScreen_Generation = YES;
				INFOPLIST_KEY_UISupportedInterfaceOrientations_iPad = "UIInterfaceOrientationPortrait UIInterfaceOrientationPortraitUpsideDown UIInterfaceOrientationLandscapeLeft UIInterfaceOrientationLandscapeRight";
				INFOPLIST_KEY_UISupportedInterfaceOrientations_iPhone = "UIInterfaceOrientationPortrait UIInterfaceOrientationLandscapeLeft UIInterfaceOrientationLandscapeRight";
				LD_RUNPATH_SEARCH_PATHS = (
					"$(inherited)",
					"@executable_path/Frameworks",
				);
				MARKETING_VERSION = 1.0;
				PRODUCT_BUNDLE_IDENTIFIER = co.DarioMintzer.InstagramCloneApp;
				PRODUCT_NAME = "$(TARGET_NAME)";
				SWIFT_EMIT_LOC_STRINGS = YES;
				SWIFT_VERSION = 5.0;
				TARGETED_DEVICE_FAMILY = "1,2";
			};
			name = Debug;
		};
		79CC594F29AD6BF7002EA98E /* Release */ = {
			isa = XCBuildConfiguration;
			buildSettings = {
				ASSETCATALOG_COMPILER_APPICON_NAME = AppIcon;
				ASSETCATALOG_COMPILER_GLOBAL_ACCENT_COLOR_NAME = AccentColor;
				CODE_SIGN_STYLE = Automatic;
				CURRENT_PROJECT_VERSION = 1;
				DEVELOPMENT_ASSET_PATHS = "\"InstagramCloneApp/Preview Content\"";
				DEVELOPMENT_TEAM = 52G4MQR5UN;
				ENABLE_PREVIEWS = YES;
				GENERATE_INFOPLIST_FILE = YES;
				INFOPLIST_KEY_UIApplicationSceneManifest_Generation = YES;
				INFOPLIST_KEY_UIApplicationSupportsIndirectInputEvents = YES;
				INFOPLIST_KEY_UILaunchScreen_Generation = YES;
				INFOPLIST_KEY_UISupportedInterfaceOrientations_iPad = "UIInterfaceOrientationPortrait UIInterfaceOrientationPortraitUpsideDown UIInterfaceOrientationLandscapeLeft UIInterfaceOrientationLandscapeRight";
				INFOPLIST_KEY_UISupportedInterfaceOrientations_iPhone = "UIInterfaceOrientationPortrait UIInterfaceOrientationLandscapeLeft UIInterfaceOrientationLandscapeRight";
				LD_RUNPATH_SEARCH_PATHS = (
					"$(inherited)",
					"@executable_path/Frameworks",
				);
				MARKETING_VERSION = 1.0;
				PRODUCT_BUNDLE_IDENTIFIER = co.DarioMintzer.InstagramCloneApp;
				PRODUCT_NAME = "$(TARGET_NAME)";
				SWIFT_EMIT_LOC_STRINGS = YES;
				SWIFT_VERSION = 5.0;
				TARGETED_DEVICE_FAMILY = "1,2";
			};
			name = Release;
		};
/* End XCBuildConfiguration section */

/* Begin XCConfigurationList section */
		79CC593A29AD6BF5002EA98E /* Build configuration list for PBXProject "InstagramCloneApp" */ = {
			isa = XCConfigurationList;
			buildConfigurations = (
				79CC594B29AD6BF7002EA98E /* Debug */,
				79CC594C29AD6BF7002EA98E /* Release */,
			);
			defaultConfigurationIsVisible = 0;
			defaultConfigurationName = Release;
		};
		79CC594D29AD6BF7002EA98E /* Build configuration list for PBXNativeTarget "InstagramCloneApp" */ = {
			isa = XCConfigurationList;
			buildConfigurations = (
				79CC594E29AD6BF7002EA98E /* Debug */,
				79CC594F29AD6BF7002EA98E /* Release */,
			);
			defaultConfigurationIsVisible = 0;
			defaultConfigurationName = Release;
		};
/* End XCConfigurationList section */
	};
	rootObject = 79CC593729AD6BF5002EA98E /* Project object */;
}
