// !$*UTF8*$!
{
	archiveVersion = 1;
	classes = {
	};
	objectVersion = 56;
	objects = {

/* Begin PBXBuildFile section */
		794EA74029AD1B0700503030 /* Realm in Frameworks */ = {isa = PBXBuildFile; productRef = 794EA73F29AD1B0700503030 /* Realm */; };
		794EA74229AD1B0700503030 /* RealmSwift in Frameworks */ = {isa = PBXBuildFile; productRef = 794EA74129AD1B0700503030 /* RealmSwift */; };
		794EA74429AD1C1100503030 /* RealmManager.swift in Sources */ = {isa = PBXBuildFile; fileRef = 794EA74329AD1C1100503030 /* RealmManager.swift */; };
		794EA74629AD1DBB00503030 /* Task.swift in Sources */ = {isa = PBXBuildFile; fileRef = 794EA74529AD1DBB00503030 /* Task.swift */; };
		79C8D01029ACD237002D6BBF /* ToDoApp.swift in Sources */ = {isa = PBXBuildFile; fileRef = 79C8D00F29ACD237002D6BBF /* ToDoApp.swift */; };
		79C8D01229ACD237002D6BBF /* ContentView.swift in Sources */ = {isa = PBXBuildFile; fileRef = 79C8D01129ACD237002D6BBF /* ContentView.swift */; };
		79C8D01429ACD239002D6BBF /* Assets.xcassets in Resources */ = {isa = PBXBuildFile; fileRef = 79C8D01329ACD239002D6BBF /* Assets.xcassets */; };
		79C8D01729ACD239002D6BBF /* Preview Assets.xcassets in Resources */ = {isa = PBXBuildFile; fileRef = 79C8D01629ACD239002D6BBF /* Preview Assets.xcassets */; };
		79C8D01F29ACDFD1002D6BBF /* TaskView.swift in Sources */ = {isa = PBXBuildFile; fileRef = 79C8D01E29ACDFD1002D6BBF /* TaskView.swift */; };
		79C8D02229ACE2F7002D6BBF /* TaskRow.swift in Sources */ = {isa = PBXBuildFile; fileRef = 79C8D02129ACE2F7002D6BBF /* TaskRow.swift */; };
		79C8D02429ACE40B002D6BBF /* AddTaskView.swift in Sources */ = {isa = PBXBuildFile; fileRef = 79C8D02329ACE40B002D6BBF /* AddTaskView.swift */; };
		79C8D02629ACE66B002D6BBF /* SmallAddButton.swift in Sources */ = {isa = PBXBuildFile; fileRef = 79C8D02529ACE66B002D6BBF /* SmallAddButton.swift */; };
/* End PBXBuildFile section */

/* Begin PBXFileReference section */
		794EA74329AD1C1100503030 /* RealmManager.swift */ = {isa = PBXFileReference; lastKnownFileType = sourcecode.swift; path = RealmManager.swift; sourceTree = "<group>"; };
		794EA74529AD1DBB00503030 /* Task.swift */ = {isa = PBXFileReference; lastKnownFileType = sourcecode.swift; path = Task.swift; sourceTree = "<group>"; };
		79C8D00C29ACD237002D6BBF /* ToDo.app */ = {isa = PBXFileReference; explicitFileType = wrapper.application; includeInIndex = 0; path = ToDo.app; sourceTree = BUILT_PRODUCTS_DIR; };
		79C8D00F29ACD237002D6BBF /* ToDoApp.swift */ = {isa = PBXFileReference; lastKnownFileType = sourcecode.swift; path = ToDoApp.swift; sourceTree = "<group>"; };
		79C8D01129ACD237002D6BBF /* ContentView.swift */ = {isa = PBXFileReference; lastKnownFileType = sourcecode.swift; path = ContentView.swift; sourceTree = "<group>"; };
		79C8D01329ACD239002D6BBF /* Assets.xcassets */ = {isa = PBXFileReference; lastKnownFileType = folder.assetcatalog; path = Assets.xcassets; sourceTree = "<group>"; };
		79C8D01629ACD239002D6BBF /* Preview Assets.xcassets */ = {isa = PBXFileReference; lastKnownFileType = folder.assetcatalog; path = "Preview Assets.xcassets"; sourceTree = "<group>"; };
		79C8D01E29ACDFD1002D6BBF /* TaskView.swift */ = {isa = PBXFileReference; lastKnownFileType = sourcecode.swift; path = TaskView.swift; sourceTree = "<group>"; };
		79C8D02129ACE2F7002D6BBF /* TaskRow.swift */ = {isa = PBXFileReference; lastKnownFileType = sourcecode.swift; path = TaskRow.swift; sourceTree = "<group>"; };
		79C8D02329ACE40B002D6BBF /* AddTaskView.swift */ = {isa = PBXFileReference; lastKnownFileType = sourcecode.swift; path = AddTaskView.swift; sourceTree = "<group>"; };
		79C8D02529ACE66B002D6BBF /* SmallAddButton.swift */ = {isa = PBXFileReference; lastKnownFileType = sourcecode.swift; path = SmallAddButton.swift; sourceTree = "<group>"; };
/* End PBXFileReference section */

/* Begin PBXFrameworksBuildPhase section */
		79C8D00929ACD237002D6BBF /* Frameworks */ = {
			isa = PBXFrameworksBuildPhase;
			buildActionMask = 2147483647;
			files = (
				794EA74229AD1B0700503030 /* RealmSwift in Frameworks */,
				794EA74029AD1B0700503030 /* Realm in Frameworks */,
			);
			runOnlyForDeploymentPostprocessing = 0;
		};
/* End PBXFrameworksBuildPhase section */

/* Begin PBXGroup section */
		79C8D00329ACD237002D6BBF = {
			isa = PBXGroup;
			children = (
				79C8D00E29ACD237002D6BBF /* ToDo */,
				79C8D00D29ACD237002D6BBF /* Products */,
			);
			sourceTree = "<group>";
		};
		79C8D00D29ACD237002D6BBF /* Products */ = {
			isa = PBXGroup;
			children = (
				79C8D00C29ACD237002D6BBF /* ToDo.app */,
			);
			name = Products;
			sourceTree = "<group>";
		};
		79C8D00E29ACD237002D6BBF /* ToDo */ = {
			isa = PBXGroup;
			children = (
				794EA74329AD1C1100503030 /* RealmManager.swift */,
				79C8D02029ACE2E7002D6BBF /* Components */,
				79C8D01D29ACDFC5002D6BBF /* Views */,
				79C8D00F29ACD237002D6BBF /* ToDoApp.swift */,
				79C8D01329ACD239002D6BBF /* Assets.xcassets */,
				79C8D01529ACD239002D6BBF /* Preview Content */,
				794EA74529AD1DBB00503030 /* Task.swift */,
			);
			path = ToDo;
			sourceTree = "<group>";
		};
		79C8D01529ACD239002D6BBF /* Preview Content */ = {
			isa = PBXGroup;
			children = (
				79C8D01629ACD239002D6BBF /* Preview Assets.xcassets */,
			);
			path = "Preview Content";
			sourceTree = "<group>";
		};
		79C8D01D29ACDFC5002D6BBF /* Views */ = {
			isa = PBXGroup;
			children = (
				79C8D01129ACD237002D6BBF /* ContentView.swift */,
				79C8D01E29ACDFD1002D6BBF /* TaskView.swift */,
				79C8D02329ACE40B002D6BBF /* AddTaskView.swift */,
			);
			path = Views;
			sourceTree = "<group>";
		};
		79C8D02029ACE2E7002D6BBF /* Components */ = {
			isa = PBXGroup;
			children = (
				79C8D02129ACE2F7002D6BBF /* TaskRow.swift */,
				79C8D02529ACE66B002D6BBF /* SmallAddButton.swift */,
			);
			path = Components;
			sourceTree = "<group>";
		};
/* End PBXGroup section */

/* Begin PBXNativeTarget section */
		79C8D00B29ACD237002D6BBF /* ToDo */ = {
			isa = PBXNativeTarget;
			buildConfigurationList = 79C8D01A29ACD239002D6BBF /* Build configuration list for PBXNativeTarget "ToDo" */;
			buildPhases = (
				79C8D00829ACD237002D6BBF /* Sources */,
				79C8D00929ACD237002D6BBF /* Frameworks */,
				79C8D00A29ACD237002D6BBF /* Resources */,
			);
			buildRules = (
			);
			dependencies = (
			);
			name = ToDo;
			packageProductDependencies = (
				794EA73F29AD1B0700503030 /* Realm */,
				794EA74129AD1B0700503030 /* RealmSwift */,
			);
			productName = ToDo;
			productReference = 79C8D00C29ACD237002D6BBF /* ToDo.app */;
			productType = "com.apple.product-type.application";
		};
/* End PBXNativeTarget section */

/* Begin PBXProject section */
		79C8D00429ACD237002D6BBF /* Project object */ = {
			isa = PBXProject;
			attributes = {
				BuildIndependentTargetsInParallel = 1;
				LastSwiftUpdateCheck = 1420;
				LastUpgradeCheck = 1420;
				TargetAttributes = {
					79C8D00B29ACD237002D6BBF = {
						CreatedOnToolsVersion = 14.2;
					};
				};
			};
			buildConfigurationList = 79C8D00729ACD237002D6BBF /* Build configuration list for PBXProject "ToDo" */;
			compatibilityVersion = "Xcode 14.0";
			developmentRegion = en;
			hasScannedForEncodings = 0;
			knownRegions = (
				en,
				Base,
			);
			mainGroup = 79C8D00329ACD237002D6BBF;
			packageReferences = (
				794EA73E29AD1B0700503030 /* XCRemoteSwiftPackageReference "realm-swift" */,
			);
			productRefGroup = 79C8D00D29ACD237002D6BBF /* Products */;
			projectDirPath = "";
			projectRoot = "";
			targets = (
				79C8D00B29ACD237002D6BBF /* ToDo */,
			);
		};
/* End PBXProject section */

/* Begin PBXResourcesBuildPhase section */
		79C8D00A29ACD237002D6BBF /* Resources */ = {
			isa = PBXResourcesBuildPhase;
			buildActionMask = 2147483647;
			files = (
				79C8D01729ACD239002D6BBF /* Preview Assets.xcassets in Resources */,
				79C8D01429ACD239002D6BBF /* Assets.xcassets in Resources */,
			);
			runOnlyForDeploymentPostprocessing = 0;
		};
/* End PBXResourcesBuildPhase section */

/* Begin PBXSourcesBuildPhase section */
		79C8D00829ACD237002D6BBF /* Sources */ = {
			isa = PBXSourcesBuildPhase;
			buildActionMask = 2147483647;
			files = (
				794EA74629AD1DBB00503030 /* Task.swift in Sources */,
				79C8D01F29ACDFD1002D6BBF /* TaskView.swift in Sources */,
				79C8D02429ACE40B002D6BBF /* AddTaskView.swift in Sources */,
				79C8D01229ACD237002D6BBF /* ContentView.swift in Sources */,
				79C8D02629ACE66B002D6BBF /* SmallAddButton.swift in Sources */,
				79C8D01029ACD237002D6BBF /* ToDoApp.swift in Sources */,
				794EA74429AD1C1100503030 /* RealmManager.swift in Sources */,
				79C8D02229ACE2F7002D6BBF /* TaskRow.swift in Sources */,
			);
			runOnlyForDeploymentPostprocessing = 0;
		};
/* End PBXSourcesBuildPhase section */

/* Begin XCBuildConfiguration section */
		79C8D01829ACD239002D6BBF /* Debug */ = {
			isa = XCBuildConfiguration;
			buildSettings = {
				ALWAYS_SEARCH_USER_PATHS = NO;
				CLANG_ANALYZER_NONNULL = YES;
				CLANG_ANALYZER_NUMBER_OBJECT_CONVERSION = YES_AGGRESSIVE;
				CLANG_CXX_LANGUAGE_STANDARD = "gnu++20";
				CLANG_ENABLE_MODULES = YES;
				CLANG_ENABLE_OBJC_ARC = YES;
				CLANG_ENABLE_OBJC_WEAK = YES;
				CLANG_WARN_BLOCK_CAPTURE_AUTORELEASING = YES;
				CLANG_WARN_BOOL_CONVERSION = YES;
				CLANG_WARN_COMMA = YES;
				CLANG_WARN_CONSTANT_CONVERSION = YES;
				CLANG_WARN_DEPRECATED_OBJC_IMPLEMENTATIONS = YES;
				CLANG_WARN_DIRECT_OBJC_ISA_USAGE = YES_ERROR;
				CLANG_WARN_DOCUMENTATION_COMMENTS = YES;
				CLANG_WARN_EMPTY_BODY = YES;
				CLANG_WARN_ENUM_CONVERSION = YES;
				CLANG_WARN_INFINITE_RECURSION = YES;
				CLANG_WARN_INT_CONVERSION = YES;
				CLANG_WARN_NON_LITERAL_NULL_CONVERSION = YES;
				CLANG_WARN_OBJC_IMPLICIT_RETAIN_SELF = YES;
				CLANG_WARN_OBJC_LITERAL_CONVERSION = YES;
				CLANG_WARN_OBJC_ROOT_CLASS = YES_ERROR;
				CLANG_WARN_QUOTED_INCLUDE_IN_FRAMEWORK_HEADER = YES;
				CLANG_WARN_RANGE_LOOP_ANALYSIS = YES;
				CLANG_WARN_STRICT_PROTOTYPES = YES;
				CLANG_WARN_SUSPICIOUS_MOVE = YES;
				CLANG_WARN_UNGUARDED_AVAILABILITY = YES_AGGRESSIVE;
				CLANG_WARN_UNREACHABLE_CODE = YES;
				CLANG_WARN__DUPLICATE_METHOD_MATCH = YES;
				COPY_PHASE_STRIP = NO;
				DEBUG_INFORMATION_FORMAT = dwarf;
				ENABLE_STRICT_OBJC_MSGSEND = YES;
				ENABLE_TESTABILITY = YES;
				GCC_C_LANGUAGE_STANDARD = gnu11;
				GCC_DYNAMIC_NO_PIC = NO;
				GCC_NO_COMMON_BLOCKS = YES;
				GCC_OPTIMIZATION_LEVEL = 0;
				GCC_PREPROCESSOR_DEFINITIONS = (
					"DEBUG=1",
					"$(inherited)",
				);
				GCC_WARN_64_TO_32_BIT_CONVERSION = YES;
				GCC_WARN_ABOUT_RETURN_TYPE = YES_ERROR;
				GCC_WARN_UNDECLARED_SELECTOR = YES;
				GCC_WARN_UNINITIALIZED_AUTOS = YES_AGGRESSIVE;
				GCC_WARN_UNUSED_FUNCTION = YES;
				GCC_WARN_UNUSED_VARIABLE = YES;
				IPHONEOS_DEPLOYMENT_TARGET = 16.2;
				MTL_ENABLE_DEBUG_INFO = INCLUDE_SOURCE;
				MTL_FAST_MATH = YES;
				ONLY_ACTIVE_ARCH = YES;
				SDKROOT = iphoneos;
				SWIFT_ACTIVE_COMPILATION_CONDITIONS = DEBUG;
				SWIFT_OPTIMIZATION_LEVEL = "-Onone";
			};
			name = Debug;
		};
		79C8D01929ACD239002D6BBF /* Release */ = {
			isa = XCBuildConfiguration;
			buildSettings = {
				ALWAYS_SEARCH_USER_PATHS = NO;
				CLANG_ANALYZER_NONNULL = YES;
				CLANG_ANALYZER_NUMBER_OBJECT_CONVERSION = YES_AGGRESSIVE;
				CLANG_CXX_LANGUAGE_STANDARD = "gnu++20";
				CLANG_ENABLE_MODULES = YES;
				CLANG_ENABLE_OBJC_ARC = YES;
				CLANG_ENABLE_OBJC_WEAK = YES;
				CLANG_WARN_BLOCK_CAPTURE_AUTORELEASING = YES;
				CLANG_WARN_BOOL_CONVERSION = YES;
				CLANG_WARN_COMMA = YES;
				CLANG_WARN_CONSTANT_CONVERSION = YES;
				CLANG_WARN_DEPRECATED_OBJC_IMPLEMENTATIONS = YES;
				CLANG_WARN_DIRECT_OBJC_ISA_USAGE = YES_ERROR;
				CLANG_WARN_DOCUMENTATION_COMMENTS = YES;
				CLANG_WARN_EMPTY_BODY = YES;
				CLANG_WARN_ENUM_CONVERSION = YES;
				CLANG_WARN_INFINITE_RECURSION = YES;
				CLANG_WARN_INT_CONVERSION = YES;
				CLANG_WARN_NON_LITERAL_NULL_CONVERSION = YES;
				CLANG_WARN_OBJC_IMPLICIT_RETAIN_SELF = YES;
				CLANG_WARN_OBJC_LITERAL_CONVERSION = YES;
				CLANG_WARN_OBJC_ROOT_CLASS = YES_ERROR;
				CLANG_WARN_QUOTED_INCLUDE_IN_FRAMEWORK_HEADER = YES;
				CLANG_WARN_RANGE_LOOP_ANALYSIS = YES;
				CLANG_WARN_STRICT_PROTOTYPES = YES;
				CLANG_WARN_SUSPICIOUS_MOVE = YES;
				CLANG_WARN_UNGUARDED_AVAILABILITY = YES_AGGRESSIVE;
				CLANG_WARN_UNREACHABLE_CODE = YES;
				CLANG_WARN__DUPLICATE_METHOD_MATCH = YES;
				COPY_PHASE_STRIP = NO;
				DEBUG_INFORMATION_FORMAT = "dwarf-with-dsym";
				ENABLE_NS_ASSERTIONS = NO;
				ENABLE_STRICT_OBJC_MSGSEND = YES;
				GCC_C_LANGUAGE_STANDARD = gnu11;
				GCC_NO_COMMON_BLOCKS = YES;
				GCC_WARN_64_TO_32_BIT_CONVERSION = YES;
				GCC_WARN_ABOUT_RETURN_TYPE = YES_ERROR;
				GCC_WARN_UNDECLARED_SELECTOR = YES;
				GCC_WARN_UNINITIALIZED_AUTOS = YES_AGGRESSIVE;
				GCC_WARN_UNUSED_FUNCTION = YES;
				GCC_WARN_UNUSED_VARIABLE = YES;
				IPHONEOS_DEPLOYMENT_TARGET = 16.2;
				MTL_ENABLE_DEBUG_INFO = NO;
				MTL_FAST_MATH = YES;
				SDKROOT = iphoneos;
				SWIFT_COMPILATION_MODE = wholemodule;
				SWIFT_OPTIMIZATION_LEVEL = "-O";
				VALIDATE_PRODUCT = YES;
			};
			name = Release;
		};
		79C8D01B29ACD239002D6BBF /* Debug */ = {
			isa = XCBuildConfiguration;
			buildSettings = {
				ASSETCATALOG_COMPILER_APPICON_NAME = AppIcon;
				ASSETCATALOG_COMPILER_GLOBAL_ACCENT_COLOR_NAME = AccentColor;
				CODE_SIGN_STYLE = Automatic;
				CURRENT_PROJECT_VERSION = 1;
				DEVELOPMENT_ASSET_PATHS = "\"ToDo/Preview Content\"";
				DEVELOPMENT_TEAM = 52G4MQR5UN;
				ENABLE_PREVIEWS = YES;
				GENERATE_INFOPLIST_FILE = YES;
				INFOPLIST_KEY_UIApplicationSceneManifest_Generation = YES;
				INFOPLIST_KEY_UIApplicationSupportsIndirectInputEvents = YES;
				INFOPLIST_KEY_UILaunchScreen_Generation = YES;
				INFOPLIST_KEY_UISupportedInterfaceOrientations_iPad = "UIInterfaceOrientationPortrait UIInterfaceOrientationPortraitUpsideDown UIInterfaceOrientationLandscapeLeft UIInterfaceOrientationLandscapeRight";
				INFOPLIST_KEY_UISupportedInterfaceOrientations_iPhone = "UIInterfaceOrientationPortrait UIInterfaceOrientationLandscapeLeft UIInterfaceOrientationLandscapeRight";
				LD_RUNPATH_SEARCH_PATHS = (
					"$(inherited)",
					"@executable_path/Frameworks",
				);
				MARKETING_VERSION = 1.0;
				PRODUCT_BUNDLE_IDENTIFIER = co.DarioMintzer.ToDo;
				PRODUCT_NAME = "$(TARGET_NAME)";
				SWIFT_EMIT_LOC_STRINGS = YES;
				SWIFT_VERSION = 5.0;
				TARGETED_DEVICE_FAMILY = "1,2";
			};
			name = Debug;
		};
		79C8D01C29ACD239002D6BBF /* Release */ = {
			isa = XCBuildConfiguration;
			buildSettings = {
				ASSETCATALOG_COMPILER_APPICON_NAME = AppIcon;
				ASSETCATALOG_COMPILER_GLOBAL_ACCENT_COLOR_NAME = AccentColor;
				CODE_SIGN_STYLE = Automatic;
				CURRENT_PROJECT_VERSION = 1;
				DEVELOPMENT_ASSET_PATHS = "\"ToDo/Preview Content\"";
				DEVELOPMENT_TEAM = 52G4MQR5UN;
				ENABLE_PREVIEWS = YES;
				GENERATE_INFOPLIST_FILE = YES;
				INFOPLIST_KEY_UIApplicationSceneManifest_Generation = YES;
				INFOPLIST_KEY_UIApplicationSupportsIndirectInputEvents = YES;
				INFOPLIST_KEY_UILaunchScreen_Generation = YES;
				INFOPLIST_KEY_UISupportedInterfaceOrientations_iPad = "UIInterfaceOrientationPortrait UIInterfaceOrientationPortraitUpsideDown UIInterfaceOrientationLandscapeLeft UIInterfaceOrientationLandscapeRight";
				INFOPLIST_KEY_UISupportedInterfaceOrientations_iPhone = "UIInterfaceOrientationPortrait UIInterfaceOrientationLandscapeLeft UIInterfaceOrientationLandscapeRight";
				LD_RUNPATH_SEARCH_PATHS = (
					"$(inherited)",
					"@executable_path/Frameworks",
				);
				MARKETING_VERSION = 1.0;
				PRODUCT_BUNDLE_IDENTIFIER = co.DarioMintzer.ToDo;
				PRODUCT_NAME = "$(TARGET_NAME)";
				SWIFT_EMIT_LOC_STRINGS = YES;
				SWIFT_VERSION = 5.0;
				TARGETED_DEVICE_FAMILY = "1,2";
			};
			name = Release;
		};
/* End XCBuildConfiguration section */

/* Begin XCConfigurationList section */
		79C8D00729ACD237002D6BBF /* Build configuration list for PBXProject "ToDo" */ = {
			isa = XCConfigurationList;
			buildConfigurations = (
				79C8D01829ACD239002D6BBF /* Debug */,
				79C8D01929ACD239002D6BBF /* Release */,
			);
			defaultConfigurationIsVisible = 0;
			defaultConfigurationName = Release;
		};
		79C8D01A29ACD239002D6BBF /* Build configuration list for PBXNativeTarget "ToDo" */ = {
			isa = XCConfigurationList;
			buildConfigurations = (
				79C8D01B29ACD239002D6BBF /* Debug */,
				79C8D01C29ACD239002D6BBF /* Release */,
			);
			defaultConfigurationIsVisible = 0;
			defaultConfigurationName = Release;
		};
/* End XCConfigurationList section */

/* Begin XCRemoteSwiftPackageReference section */
		794EA73E29AD1B0700503030 /* XCRemoteSwiftPackageReference "realm-swift" */ = {
			isa = XCRemoteSwiftPackageReference;
			repositoryURL = "https://github.com/realm/realm-swift.git";
			requirement = {
				branch = master;
				kind = branch;
			};
		};
/* End XCRemoteSwiftPackageReference section */

/* Begin XCSwiftPackageProductDependency section */
		794EA73F29AD1B0700503030 /* Realm */ = {
			isa = XCSwiftPackageProductDependency;
			package = 794EA73E29AD1B0700503030 /* XCRemoteSwiftPackageReference "realm-swift" */;
			productName = Realm;
		};
		794EA74129AD1B0700503030 /* RealmSwift */ = {
			isa = XCSwiftPackageProductDependency;
			package = 794EA73E29AD1B0700503030 /* XCRemoteSwiftPackageReference "realm-swift" */;
			productName = RealmSwift;
		};
/* End XCSwiftPackageProductDependency section */
	};
	rootObject = 79C8D00429ACD237002D6BBF /* Project object */;
}
